
Microsoft Visual Studio Solution File, Format Version 12.00
# Visual Studio Version 17
VisualStudioVersion = 17.9.34728.123
MinimumVisualStudioVersion = 10.0.40219.1
Project("{FAE04EC0-301F-11D3-BF4B-00C04F79EFBC}") = "PermutateTest", "PermutateTest\PermutateTest.csproj", "{008584C9-76AA-4E67-AFAD-65268748FB0E}"
EndProject
Project("{FAE04EC0-301F-11D3-BF4B-00C04F79EFBC}") = "PermutateUnittest", "PermutateUnittest\PermutateUnittest.csproj", "{6D31EC71-F425-497B-B7F5-690305295575}"
EndProject
Global
	GlobalSection(SolutionConfigurationPlatforms) = preSolution
		Debug|Any CPU = Debug|Any CPU
		Release|Any CPU = Release|Any CPU
	EndGlobalSection
	GlobalSection(ProjectConfigurationPlatforms) = postSolution
		{008584C9-76AA-4E67-AFAD-65268748FB0E}.Debug|Any CPU.ActiveCfg = Debug|Any CPU
		{008584C9-76AA-4E67-AFAD-65268748FB0E}.Debug|Any CPU.Build.0 = Debug|Any CPU
		{008584C9-76AA-4E67-AFAD-65268748FB0E}.Release|Any CPU.ActiveCfg = Release|Any CPU
		{008584C9-76AA-4E67-AFAD-65268748FB0E}.Release|Any CPU.Build.0 = Release|Any CPU
		{6D31EC71-F425-497B-B7F5-690305295575}.Debug|Any CPU.ActiveCfg = Debug|Any CPU
		{6D31EC71-F425-497B-B7F5-690305295575}.Debug|Any CPU.Build.0 = Debug|Any CPU
		{6D31EC71-F425-497B-B7F5-690305295575}.Release|Any CPU.ActiveCfg = Release|Any CPU
		{6D31EC71-F425-497B-B7F5-690305295575}.Release|Any CPU.Build.0 = Release|Any CPU
	EndGlobalSection
	GlobalSection(SolutionProperties) = preSolution
		HideSolutionNode = FALSE
	EndGlobalSection
	GlobalSection(ExtensibilityGlobals) = postSolution
		SolutionGuid = {658B3A50-DA28-4E1C-8801-0F7058B00C62}
	EndGlobalSection
EndGlobal
